// !$*UTF8*$!
{
	archiveVersion = 1;
	classes = {
	};
	objectVersion = 46;
	objects = {

/* Begin PBXBuildFile section */
		165D35AE1B83BD6D00C8570A /* main.m in Sources */ = {isa = PBXBuildFile; fileRef = 165D35AD1B83BD6D00C8570A /* main.m */; };
		165D35B11B83BD6D00C8570A /* AppDelegate.m in Sources */ = {isa = PBXBuildFile; fileRef = 165D35B01B83BD6D00C8570A /* AppDelegate.m */; };
		165D35BA1B83BD6D00C8570A /* Main.storyboard in Resources */ = {isa = PBXBuildFile; fileRef = 165D35B81B83BD6D00C8570A /* Main.storyboard */; };
		165D35BC1B83BD6D00C8570A /* Images.xcassets in Resources */ = {isa = PBXBuildFile; fileRef = 165D35BB1B83BD6D00C8570A /* Images.xcassets */; };
		165D35BF1B83BD6D00C8570A /* LaunchScreen.xib in Resources */ = {isa = PBXBuildFile; fileRef = 165D35BD1B83BD6D00C8570A /* LaunchScreen.xib */; };
		165D35CB1B83BD6E00C8570A /* MiniShopTests.m in Sources */ = {isa = PBXBuildFile; fileRef = 165D35CA1B83BD6E00C8570A /* MiniShopTests.m */; };
		165D35D61B8439E100C8570A /* ShopInfoViewController.m in Sources */ = {isa = PBXBuildFile; fileRef = 165D35D51B8439E100C8570A /* ShopInfoViewController.m */; };
		165D35D91B843A8000C8570A /* CraftingViewController.m in Sources */ = {isa = PBXBuildFile; fileRef = 165D35D81B843A8000C8570A /* CraftingViewController.m */; };
		165D35DC1B843A9500C8570A /* SellingViewController.m in Sources */ = {isa = PBXBuildFile; fileRef = 165D35DB1B843A9500C8570A /* SellingViewController.m */; };
		165D35DF1B843B3B00C8570A /* LoginViewController.m in Sources */ = {isa = PBXBuildFile; fileRef = 165D35DE1B843B3B00C8570A /* LoginViewController.m */; };
		165D35E31B852D7500C8570A /* AFNetworkingHelperClasses.m in Sources */ = {isa = PBXBuildFile; fileRef = 165D35E21B852D7500C8570A /* AFNetworkingHelperClasses.m */; };
		165D360A1B8534B500C8570A /* AFHTTPRequestOperation.m in Sources */ = {isa = PBXBuildFile; fileRef = 165D35E61B8534B500C8570A /* AFHTTPRequestOperation.m */; };
		165D360B1B8534B500C8570A /* AFHTTPRequestOperationManager.m in Sources */ = {isa = PBXBuildFile; fileRef = 165D35E81B8534B500C8570A /* AFHTTPRequestOperationManager.m */; };
		165D360C1B8534B500C8570A /* AFHTTPSessionManager.m in Sources */ = {isa = PBXBuildFile; fileRef = 165D35EA1B8534B500C8570A /* AFHTTPSessionManager.m */; };
		165D360D1B8534B500C8570A /* AFNetworkReachabilityManager.m in Sources */ = {isa = PBXBuildFile; fileRef = 165D35ED1B8534B500C8570A /* AFNetworkReachabilityManager.m */; };
		165D360E1B8534B500C8570A /* AFSecurityPolicy.m in Sources */ = {isa = PBXBuildFile; fileRef = 165D35EF1B8534B500C8570A /* AFSecurityPolicy.m */; };
		165D360F1B8534B500C8570A /* AFURLConnectionOperation.m in Sources */ = {isa = PBXBuildFile; fileRef = 165D35F11B8534B500C8570A /* AFURLConnectionOperation.m */; };
		165D36101B8534B500C8570A /* AFURLRequestSerialization.m in Sources */ = {isa = PBXBuildFile; fileRef = 165D35F31B8534B500C8570A /* AFURLRequestSerialization.m */; };
		165D36111B8534B500C8570A /* AFURLResponseSerialization.m in Sources */ = {isa = PBXBuildFile; fileRef = 165D35F51B8534B500C8570A /* AFURLResponseSerialization.m */; };
		165D36121B8534B500C8570A /* AFURLSessionManager.m in Sources */ = {isa = PBXBuildFile; fileRef = 165D35F71B8534B500C8570A /* AFURLSessionManager.m */; };
		165D36131B8534B500C8570A /* AFNetworkActivityIndicatorManager.m in Sources */ = {isa = PBXBuildFile; fileRef = 165D35FA1B8534B500C8570A /* AFNetworkActivityIndicatorManager.m */; };
		165D36141B8534B500C8570A /* UIActivityIndicatorView+AFNetworking.m in Sources */ = {isa = PBXBuildFile; fileRef = 165D35FC1B8534B500C8570A /* UIActivityIndicatorView+AFNetworking.m */; };
		165D36151B8534B500C8570A /* UIAlertView+AFNetworking.m in Sources */ = {isa = PBXBuildFile; fileRef = 165D35FE1B8534B500C8570A /* UIAlertView+AFNetworking.m */; };
		165D36161B8534B500C8570A /* UIButton+AFNetworking.m in Sources */ = {isa = PBXBuildFile; fileRef = 165D36001B8534B500C8570A /* UIButton+AFNetworking.m */; };
		165D36171B8534B500C8570A /* UIImageView+AFNetworking.m in Sources */ = {isa = PBXBuildFile; fileRef = 165D36021B8534B500C8570A /* UIImageView+AFNetworking.m */; };
		165D36181B8534B500C8570A /* UIProgressView+AFNetworking.m in Sources */ = {isa = PBXBuildFile; fileRef = 165D36051B8534B500C8570A /* UIProgressView+AFNetworking.m */; };
		165D36191B8534B500C8570A /* UIRefreshControl+AFNetworking.m in Sources */ = {isa = PBXBuildFile; fileRef = 165D36071B8534B500C8570A /* UIRefreshControl+AFNetworking.m */; };
		165D361A1B8534B500C8570A /* UIWebView+AFNetworking.m in Sources */ = {isa = PBXBuildFile; fileRef = 165D36091B8534B500C8570A /* UIWebView+AFNetworking.m */; };
/* End PBXBuildFile section */

/* Begin PBXContainerItemProxy section */
		165D35C51B83BD6E00C8570A /* PBXContainerItemProxy */ = {
			isa = PBXContainerItemProxy;
			containerPortal = 165D35A01B83BD6D00C8570A /* Project object */;
			proxyType = 1;
			remoteGlobalIDString = 165D35A71B83BD6D00C8570A;
			remoteInfo = MiniShop;
		};
/* End PBXContainerItemProxy section */

/* Begin PBXFileReference section */
		165D35A81B83BD6D00C8570A /* MiniShop.app */ = {isa = PBXFileReference; explicitFileType = wrapper.application; includeInIndex = 0; path = MiniShop.app; sourceTree = BUILT_PRODUCTS_DIR; };
		165D35AC1B83BD6D00C8570A /* Info.plist */ = {isa = PBXFileReference; lastKnownFileType = text.plist.xml; path = Info.plist; sourceTree = "<group>"; };
		165D35AD1B83BD6D00C8570A /* main.m */ = {isa = PBXFileReference; lastKnownFileType = sourcecode.c.objc; path = main.m; sourceTree = "<group>"; };
		165D35AF1B83BD6D00C8570A /* AppDelegate.h */ = {isa = PBXFileReference; lastKnownFileType = sourcecode.c.h; path = AppDelegate.h; sourceTree = "<group>"; };
		165D35B01B83BD6D00C8570A /* AppDelegate.m */ = {isa = PBXFileReference; lastKnownFileType = sourcecode.c.objc; path = AppDelegate.m; sourceTree = "<group>"; };
		165D35B91B83BD6D00C8570A /* Base */ = {isa = PBXFileReference; lastKnownFileType = file.storyboard; name = Base; path = Base.lproj/Main.storyboard; sourceTree = "<group>"; };
		165D35BB1B83BD6D00C8570A /* Images.xcassets */ = {isa = PBXFileReference; lastKnownFileType = folder.assetcatalog; path = Images.xcassets; sourceTree = "<group>"; };
		165D35BE1B83BD6D00C8570A /* Base */ = {isa = PBXFileReference; lastKnownFileType = file.xib; name = Base; path = Base.lproj/LaunchScreen.xib; sourceTree = "<group>"; };
		165D35C41B83BD6E00C8570A /* MiniShopTests.xctest */ = {isa = PBXFileReference; explicitFileType = wrapper.cfbundle; includeInIndex = 0; path = MiniShopTests.xctest; sourceTree = BUILT_PRODUCTS_DIR; };
		165D35C91B83BD6E00C8570A /* Info.plist */ = {isa = PBXFileReference; lastKnownFileType = text.plist.xml; path = Info.plist; sourceTree = "<group>"; };
		165D35CA1B83BD6E00C8570A /* MiniShopTests.m */ = {isa = PBXFileReference; lastKnownFileType = sourcecode.c.objc; path = MiniShopTests.m; sourceTree = "<group>"; };
		165D35D41B8439E100C8570A /* ShopInfoViewController.h */ = {isa = PBXFileReference; fileEncoding = 4; lastKnownFileType = sourcecode.c.h; path = ShopInfoViewController.h; sourceTree = "<group>"; };
		165D35D51B8439E100C8570A /* ShopInfoViewController.m */ = {isa = PBXFileReference; fileEncoding = 4; lastKnownFileType = sourcecode.c.objc; path = ShopInfoViewController.m; sourceTree = "<group>"; };
		165D35D71B843A8000C8570A /* CraftingViewController.h */ = {isa = PBXFileReference; fileEncoding = 4; lastKnownFileType = sourcecode.c.h; path = CraftingViewController.h; sourceTree = "<group>"; };
		165D35D81B843A8000C8570A /* CraftingViewController.m */ = {isa = PBXFileReference; fileEncoding = 4; lastKnownFileType = sourcecode.c.objc; path = CraftingViewController.m; sourceTree = "<group>"; };
		165D35DA1B843A9500C8570A /* SellingViewController.h */ = {isa = PBXFileReference; fileEncoding = 4; lastKnownFileType = sourcecode.c.h; path = SellingViewController.h; sourceTree = "<group>"; };
		165D35DB1B843A9500C8570A /* SellingViewController.m */ = {isa = PBXFileReference; fileEncoding = 4; lastKnownFileType = sourcecode.c.objc; path = SellingViewController.m; sourceTree = "<group>"; };
		165D35DD1B843B3B00C8570A /* LoginViewController.h */ = {isa = PBXFileReference; fileEncoding = 4; lastKnownFileType = sourcecode.c.h; path = LoginViewController.h; sourceTree = "<group>"; };
		165D35DE1B843B3B00C8570A /* LoginViewController.m */ = {isa = PBXFileReference; fileEncoding = 4; lastKnownFileType = sourcecode.c.objc; path = LoginViewController.m; sourceTree = "<group>"; };
		165D35E11B852D7500C8570A /* AFNetworkingHelperClasses.h */ = {isa = PBXFileReference; fileEncoding = 4; lastKnownFileType = sourcecode.c.h; name = AFNetworkingHelperClasses.h; path = AFNetworkingHelper/AFNetworkingHelperClasses.h; sourceTree = "<group>"; };
		165D35E21B852D7500C8570A /* AFNetworkingHelperClasses.m */ = {isa = PBXFileReference; fileEncoding = 4; lastKnownFileType = sourcecode.c.objc; name = AFNetworkingHelperClasses.m; path = AFNetworkingHelper/AFNetworkingHelperClasses.m; sourceTree = "<group>"; };
		165D35E51B8534B500C8570A /* AFHTTPRequestOperation.h */ = {isa = PBXFileReference; fileEncoding = 4; lastKnownFileType = sourcecode.c.h; path = AFHTTPRequestOperation.h; sourceTree = "<group>"; };
		165D35E61B8534B500C8570A /* AFHTTPRequestOperation.m */ = {isa = PBXFileReference; fileEncoding = 4; lastKnownFileType = sourcecode.c.objc; path = AFHTTPRequestOperation.m; sourceTree = "<group>"; };
		165D35E71B8534B500C8570A /* AFHTTPRequestOperationManager.h */ = {isa = PBXFileReference; fileEncoding = 4; lastKnownFileType = sourcecode.c.h; path = AFHTTPRequestOperationManager.h; sourceTree = "<group>"; };
		165D35E81B8534B500C8570A /* AFHTTPRequestOperationManager.m */ = {isa = PBXFileReference; fileEncoding = 4; lastKnownFileType = sourcecode.c.objc; path = AFHTTPRequestOperationManager.m; sourceTree = "<group>"; };
		165D35E91B8534B500C8570A /* AFHTTPSessionManager.h */ = {isa = PBXFileReference; fileEncoding = 4; lastKnownFileType = sourcecode.c.h; path = AFHTTPSessionManager.h; sourceTree = "<group>"; };
		165D35EA1B8534B500C8570A /* AFHTTPSessionManager.m */ = {isa = PBXFileReference; fileEncoding = 4; lastKnownFileType = sourcecode.c.objc; path = AFHTTPSessionManager.m; sourceTree = "<group>"; };
		165D35EB1B8534B500C8570A /* AFNetworking.h */ = {isa = PBXFileReference; fileEncoding = 4; lastKnownFileType = sourcecode.c.h; path = AFNetworking.h; sourceTree = "<group>"; };
		165D35EC1B8534B500C8570A /* AFNetworkReachabilityManager.h */ = {isa = PBXFileReference; fileEncoding = 4; lastKnownFileType = sourcecode.c.h; path = AFNetworkReachabilityManager.h; sourceTree = "<group>"; };
		165D35ED1B8534B500C8570A /* AFNetworkReachabilityManager.m */ = {isa = PBXFileReference; fileEncoding = 4; lastKnownFileType = sourcecode.c.objc; path = AFNetworkReachabilityManager.m; sourceTree = "<group>"; };
		165D35EE1B8534B500C8570A /* AFSecurityPolicy.h */ = {isa = PBXFileReference; fileEncoding = 4; lastKnownFileType = sourcecode.c.h; path = AFSecurityPolicy.h; sourceTree = "<group>"; };
		165D35EF1B8534B500C8570A /* AFSecurityPolicy.m */ = {isa = PBXFileReference; fileEncoding = 4; lastKnownFileType = sourcecode.c.objc; path = AFSecurityPolicy.m; sourceTree = "<group>"; };
		165D35F01B8534B500C8570A /* AFURLConnectionOperation.h */ = {isa = PBXFileReference; fileEncoding = 4; lastKnownFileType = sourcecode.c.h; path = AFURLConnectionOperation.h; sourceTree = "<group>"; };
		165D35F11B8534B500C8570A /* AFURLConnectionOperation.m */ = {isa = PBXFileReference; fileEncoding = 4; lastKnownFileType = sourcecode.c.objc; path = AFURLConnectionOperation.m; sourceTree = "<group>"; };
		165D35F21B8534B500C8570A /* AFURLRequestSerialization.h */ = {isa = PBXFileReference; fileEncoding = 4; lastKnownFileType = sourcecode.c.h; path = AFURLRequestSerialization.h; sourceTree = "<group>"; };
		165D35F31B8534B500C8570A /* AFURLRequestSerialization.m */ = {isa = PBXFileReference; fileEncoding = 4; lastKnownFileType = sourcecode.c.objc; path = AFURLRequestSerialization.m; sourceTree = "<group>"; };
		165D35F41B8534B500C8570A /* AFURLResponseSerialization.h */ = {isa = PBXFileReference; fileEncoding = 4; lastKnownFileType = sourcecode.c.h; path = AFURLResponseSerialization.h; sourceTree = "<group>"; };
		165D35F51B8534B500C8570A /* AFURLResponseSerialization.m */ = {isa = PBXFileReference; fileEncoding = 4; lastKnownFileType = sourcecode.c.objc; path = AFURLResponseSerialization.m; sourceTree = "<group>"; };
		165D35F61B8534B500C8570A /* AFURLSessionManager.h */ = {isa = PBXFileReference; fileEncoding = 4; lastKnownFileType = sourcecode.c.h; path = AFURLSessionManager.h; sourceTree = "<group>"; };
		165D35F71B8534B500C8570A /* AFURLSessionManager.m */ = {isa = PBXFileReference; fileEncoding = 4; lastKnownFileType = sourcecode.c.objc; path = AFURLSessionManager.m; sourceTree = "<group>"; };
		165D35F91B8534B500C8570A /* AFNetworkActivityIndicatorManager.h */ = {isa = PBXFileReference; fileEncoding = 4; lastKnownFileType = sourcecode.c.h; path = AFNetworkActivityIndicatorManager.h; sourceTree = "<group>"; };
		165D35FA1B8534B500C8570A /* AFNetworkActivityIndicatorManager.m */ = {isa = PBXFileReference; fileEncoding = 4; lastKnownFileType = sourcecode.c.objc; path = AFNetworkActivityIndicatorManager.m; sourceTree = "<group>"; };
		165D35FB1B8534B500C8570A /* UIActivityIndicatorView+AFNetworking.h */ = {isa = PBXFileReference; fileEncoding = 4; lastKnownFileType = sourcecode.c.h; path = "UIActivityIndicatorView+AFNetworking.h"; sourceTree = "<group>"; };
		165D35FC1B8534B500C8570A /* UIActivityIndicatorView+AFNetworking.m */ = {isa = PBXFileReference; fileEncoding = 4; lastKnownFileType = sourcecode.c.objc; path = "UIActivityIndicatorView+AFNetworking.m"; sourceTree = "<group>"; };
		165D35FD1B8534B500C8570A /* UIAlertView+AFNetworking.h */ = {isa = PBXFileReference; fileEncoding = 4; lastKnownFileType = sourcecode.c.h; path = "UIAlertView+AFNetworking.h"; sourceTree = "<group>"; };
		165D35FE1B8534B500C8570A /* UIAlertView+AFNetworking.m */ = {isa = PBXFileReference; fileEncoding = 4; lastKnownFileType = sourcecode.c.objc; path = "UIAlertView+AFNetworking.m"; sourceTree = "<group>"; };
		165D35FF1B8534B500C8570A /* UIButton+AFNetworking.h */ = {isa = PBXFileReference; fileEncoding = 4; lastKnownFileType = sourcecode.c.h; path = "UIButton+AFNetworking.h"; sourceTree = "<group>"; };
		165D36001B8534B500C8570A /* UIButton+AFNetworking.m */ = {isa = PBXFileReference; fileEncoding = 4; lastKnownFileType = sourcecode.c.objc; path = "UIButton+AFNetworking.m"; sourceTree = "<group>"; };
		165D36011B8534B500C8570A /* UIImageView+AFNetworking.h */ = {isa = PBXFileReference; fileEncoding = 4; lastKnownFileType = sourcecode.c.h; path = "UIImageView+AFNetworking.h"; sourceTree = "<group>"; };
		165D36021B8534B500C8570A /* UIImageView+AFNetworking.m */ = {isa = PBXFileReference; fileEncoding = 4; lastKnownFileType = sourcecode.c.objc; path = "UIImageView+AFNetworking.m"; sourceTree = "<group>"; };
		165D36031B8534B500C8570A /* UIKit+AFNetworking.h */ = {isa = PBXFileReference; fileEncoding = 4; lastKnownFileType = sourcecode.c.h; path = "UIKit+AFNetworking.h"; sourceTree = "<group>"; };
		165D36041B8534B500C8570A /* UIProgressView+AFNetworking.h */ = {isa = PBXFileReference; fileEncoding = 4; lastKnownFileType = sourcecode.c.h; path = "UIProgressView+AFNetworking.h"; sourceTree = "<group>"; };
		165D36051B8534B500C8570A /* UIProgressView+AFNetworking.m */ = {isa = PBXFileReference; fileEncoding = 4; lastKnownFileType = sourcecode.c.objc; path = "UIProgressView+AFNetworking.m"; sourceTree = "<group>"; };
		165D36061B8534B500C8570A /* UIRefreshControl+AFNetworking.h */ = {isa = PBXFileReference; fileEncoding = 4; lastKnownFileType = sourcecode.c.h; path = "UIRefreshControl+AFNetworking.h"; sourceTree = "<group>"; };
		165D36071B8534B500C8570A /* UIRefreshControl+AFNetworking.m */ = {isa = PBXFileReference; fileEncoding = 4; lastKnownFileType = sourcecode.c.objc; path = "UIRefreshControl+AFNetworking.m"; sourceTree = "<group>"; };
		165D36081B8534B500C8570A /* UIWebView+AFNetworking.h */ = {isa = PBXFileReference; fileEncoding = 4; lastKnownFileType = sourcecode.c.h; path = "UIWebView+AFNetworking.h"; sourceTree = "<group>"; };
		165D36091B8534B500C8570A /* UIWebView+AFNetworking.m */ = {isa = PBXFileReference; fileEncoding = 4; lastKnownFileType = sourcecode.c.objc; path = "UIWebView+AFNetworking.m"; sourceTree = "<group>"; };
/* End PBXFileReference section */

/* Begin PBXFrameworksBuildPhase section */
		165D35A51B83BD6D00C8570A /* Frameworks */ = {
			isa = PBXFrameworksBuildPhase;
			buildActionMask = 2147483647;
			files = (
			);
			runOnlyForDeploymentPostprocessing = 0;
		};
		165D35C11B83BD6E00C8570A /* Frameworks */ = {
			isa = PBXFrameworksBuildPhase;
			buildActionMask = 2147483647;
			files = (
			);
			runOnlyForDeploymentPostprocessing = 0;
		};
/* End PBXFrameworksBuildPhase section */

/* Begin PBXGroup section */
		165D359F1B83BD6D00C8570A = {
			isa = PBXGroup;
			children = (
				165D35AA1B83BD6D00C8570A /* MiniShop */,
				165D35C71B83BD6E00C8570A /* MiniShopTests */,
				165D35A91B83BD6D00C8570A /* Products */,
			);
			sourceTree = "<group>";
		};
		165D35A91B83BD6D00C8570A /* Products */ = {
			isa = PBXGroup;
			children = (
				165D35A81B83BD6D00C8570A /* MiniShop.app */,
				165D35C41B83BD6E00C8570A /* MiniShopTests.xctest */,
			);
			name = Products;
			sourceTree = "<group>";
		};
		165D35AA1B83BD6D00C8570A /* MiniShop */ = {
			isa = PBXGroup;
			children = (
				165D35E01B852D2100C8570A /* AFNetworkingHelper */,
				165D35AF1B83BD6D00C8570A /* AppDelegate.h */,
				165D35B01B83BD6D00C8570A /* AppDelegate.m */,
				165D35B81B83BD6D00C8570A /* Main.storyboard */,
				165D35BB1B83BD6D00C8570A /* Images.xcassets */,
				165D35BD1B83BD6D00C8570A /* LaunchScreen.xib */,
				165D35AB1B83BD6D00C8570A /* Supporting Files */,
				165D35D41B8439E100C8570A /* ShopInfoViewController.h */,
				165D35D51B8439E100C8570A /* ShopInfoViewController.m */,
				165D35D71B843A8000C8570A /* CraftingViewController.h */,
				165D35D81B843A8000C8570A /* CraftingViewController.m */,
				165D35DA1B843A9500C8570A /* SellingViewController.h */,
				165D35DB1B843A9500C8570A /* SellingViewController.m */,
				165D35DD1B843B3B00C8570A /* LoginViewController.h */,
				165D35DE1B843B3B00C8570A /* LoginViewController.m */,
			);
			path = MiniShop;
			sourceTree = "<group>";
		};
		165D35AB1B83BD6D00C8570A /* Supporting Files */ = {
			isa = PBXGroup;
			children = (
				165D35AC1B83BD6D00C8570A /* Info.plist */,
				165D35AD1B83BD6D00C8570A /* main.m */,
			);
			name = "Supporting Files";
			sourceTree = "<group>";
		};
		165D35C71B83BD6E00C8570A /* MiniShopTests */ = {
			isa = PBXGroup;
			children = (
				165D35CA1B83BD6E00C8570A /* MiniShopTests.m */,
				165D35C81B83BD6E00C8570A /* Supporting Files */,
			);
			path = MiniShopTests;
			sourceTree = "<group>";
		};
		165D35C81B83BD6E00C8570A /* Supporting Files */ = {
			isa = PBXGroup;
			children = (
				165D35C91B83BD6E00C8570A /* Info.plist */,
			);
			name = "Supporting Files";
			sourceTree = "<group>";
		};
		165D35E01B852D2100C8570A /* AFNetworkingHelper */ = {
			isa = PBXGroup;
			children = (
				165D35E41B8534B500C8570A /* AFNetworking */,
				165D35F81B8534B500C8570A /* UIKit+AFNetworking */,
				165D35E11B852D7500C8570A /* AFNetworkingHelperClasses.h */,
				165D35E21B852D7500C8570A /* AFNetworkingHelperClasses.m */,
			);
			name = AFNetworkingHelper;
			sourceTree = "<group>";
		};
		165D35E41B8534B500C8570A /* AFNetworking */ = {
			isa = PBXGroup;
			children = (
				165D35E51B8534B500C8570A /* AFHTTPRequestOperation.h */,
				165D35E61B8534B500C8570A /* AFHTTPRequestOperation.m */,
				165D35E71B8534B500C8570A /* AFHTTPRequestOperationManager.h */,
				165D35E81B8534B500C8570A /* AFHTTPRequestOperationManager.m */,
				165D35E91B8534B500C8570A /* AFHTTPSessionManager.h */,
				165D35EA1B8534B500C8570A /* AFHTTPSessionManager.m */,
				165D35EB1B8534B500C8570A /* AFNetworking.h */,
				165D35EC1B8534B500C8570A /* AFNetworkReachabilityManager.h */,
				165D35ED1B8534B500C8570A /* AFNetworkReachabilityManager.m */,
				165D35EE1B8534B500C8570A /* AFSecurityPolicy.h */,
				165D35EF1B8534B500C8570A /* AFSecurityPolicy.m */,
				165D35F01B8534B500C8570A /* AFURLConnectionOperation.h */,
				165D35F11B8534B500C8570A /* AFURLConnectionOperation.m */,
				165D35F21B8534B500C8570A /* AFURLRequestSerialization.h */,
				165D35F31B8534B500C8570A /* AFURLRequestSerialization.m */,
				165D35F41B8534B500C8570A /* AFURLResponseSerialization.h */,
				165D35F51B8534B500C8570A /* AFURLResponseSerialization.m */,
				165D35F61B8534B500C8570A /* AFURLSessionManager.h */,
				165D35F71B8534B500C8570A /* AFURLSessionManager.m */,
			);
			path = AFNetworking;
			sourceTree = "<group>";
		};
		165D35F81B8534B500C8570A /* UIKit+AFNetworking */ = {
			isa = PBXGroup;
			children = (
				165D35F91B8534B500C8570A /* AFNetworkActivityIndicatorManager.h */,
				165D35FA1B8534B500C8570A /* AFNetworkActivityIndicatorManager.m */,
				165D35FB1B8534B500C8570A /* UIActivityIndicatorView+AFNetworking.h */,
				165D35FC1B8534B500C8570A /* UIActivityIndicatorView+AFNetworking.m */,
				165D35FD1B8534B500C8570A /* UIAlertView+AFNetworking.h */,
				165D35FE1B8534B500C8570A /* UIAlertView+AFNetworking.m */,
				165D35FF1B8534B500C8570A /* UIButton+AFNetworking.h */,
				165D36001B8534B500C8570A /* UIButton+AFNetworking.m */,
				165D36011B8534B500C8570A /* UIImageView+AFNetworking.h */,
				165D36021B8534B500C8570A /* UIImageView+AFNetworking.m */,
				165D36031B8534B500C8570A /* UIKit+AFNetworking.h */,
				165D36041B8534B500C8570A /* UIProgressView+AFNetworking.h */,
				165D36051B8534B500C8570A /* UIProgressView+AFNetworking.m */,
				165D36061B8534B500C8570A /* UIRefreshControl+AFNetworking.h */,
				165D36071B8534B500C8570A /* UIRefreshControl+AFNetworking.m */,
				165D36081B8534B500C8570A /* UIWebView+AFNetworking.h */,
				165D36091B8534B500C8570A /* UIWebView+AFNetworking.m */,
			);
			path = "UIKit+AFNetworking";
			sourceTree = "<group>";
		};
/* End PBXGroup section */

/* Begin PBXNativeTarget section */
		165D35A71B83BD6D00C8570A /* MiniShop */ = {
			isa = PBXNativeTarget;
			buildConfigurationList = 165D35CE1B83BD6E00C8570A /* Build configuration list for PBXNativeTarget "MiniShop" */;
			buildPhases = (
				165D35A41B83BD6D00C8570A /* Sources */,
				165D35A51B83BD6D00C8570A /* Frameworks */,
				165D35A61B83BD6D00C8570A /* Resources */,
			);
			buildRules = (
			);
			dependencies = (
			);
			name = MiniShop;
			productName = MiniShop;
			productReference = 165D35A81B83BD6D00C8570A /* MiniShop.app */;
			productType = "com.apple.product-type.application";
		};
		165D35C31B83BD6E00C8570A /* MiniShopTests */ = {
			isa = PBXNativeTarget;
			buildConfigurationList = 165D35D11B83BD6E00C8570A /* Build configuration list for PBXNativeTarget "MiniShopTests" */;
			buildPhases = (
				165D35C01B83BD6E00C8570A /* Sources */,
				165D35C11B83BD6E00C8570A /* Frameworks */,
				165D35C21B83BD6E00C8570A /* Resources */,
			);
			buildRules = (
			);
			dependencies = (
				165D35C61B83BD6E00C8570A /* PBXTargetDependency */,
			);
			name = MiniShopTests;
			productName = MiniShopTests;
			productReference = 165D35C41B83BD6E00C8570A /* MiniShopTests.xctest */;
			productType = "com.apple.product-type.bundle.unit-test";
		};
/* End PBXNativeTarget section */

/* Begin PBXProject section */
		165D35A01B83BD6D00C8570A /* Project object */ = {
			isa = PBXProject;
			attributes = {
				LastUpgradeCheck = 0630;
				ORGANIZATIONNAME = Yifang;
				TargetAttributes = {
					165D35A71B83BD6D00C8570A = {
						CreatedOnToolsVersion = 6.3.1;
					};
					165D35C31B83BD6E00C8570A = {
						CreatedOnToolsVersion = 6.3.1;
						TestTargetID = 165D35A71B83BD6D00C8570A;
					};
				};
			};
			buildConfigurationList = 165D35A31B83BD6D00C8570A /* Build configuration list for PBXProject "MiniShop" */;
			compatibilityVersion = "Xcode 3.2";
			developmentRegion = English;
			hasScannedForEncodings = 0;
			knownRegions = (
				en,
				Base,
			);
			mainGroup = 165D359F1B83BD6D00C8570A;
			productRefGroup = 165D35A91B83BD6D00C8570A /* Products */;
			projectDirPath = "";
			projectRoot = "";
			targets = (
				165D35A71B83BD6D00C8570A /* MiniShop */,
				165D35C31B83BD6E00C8570A /* MiniShopTests */,
			);
		};
/* End PBXProject section */

/* Begin PBXResourcesBuildPhase section */
		165D35A61B83BD6D00C8570A /* Resources */ = {
			isa = PBXResourcesBuildPhase;
			buildActionMask = 2147483647;
			files = (
				165D35BA1B83BD6D00C8570A /* Main.storyboard in Resources */,
				165D35BF1B83BD6D00C8570A /* LaunchScreen.xib in Resources */,
				165D35BC1B83BD6D00C8570A /* Images.xcassets in Resources */,
			);
			runOnlyForDeploymentPostprocessing = 0;
		};
		165D35C21B83BD6E00C8570A /* Resources */ = {
			isa = PBXResourcesBuildPhase;
			buildActionMask = 2147483647;
			files = (
			);
			runOnlyForDeploymentPostprocessing = 0;
		};
/* End PBXResourcesBuildPhase section */

/* Begin PBXSourcesBuildPhase section */
		165D35A41B83BD6D00C8570A /* Sources */ = {
			isa = PBXSourcesBuildPhase;
			buildActionMask = 2147483647;
			files = (
				165D36191B8534B500C8570A /* UIRefreshControl+AFNetworking.m in Sources */,
				165D360F1B8534B500C8570A /* AFURLConnectionOperation.m in Sources */,
				165D35E31B852D7500C8570A /* AFNetworkingHelperClasses.m in Sources */,
				165D36181B8534B500C8570A /* UIProgressView+AFNetworking.m in Sources */,
				165D35D91B843A8000C8570A /* CraftingViewController.m in Sources */,
				165D36151B8534B500C8570A /* UIAlertView+AFNetworking.m in Sources */,
				165D35B11B83BD6D00C8570A /* AppDelegate.m in Sources */,
				165D36111B8534B500C8570A /* AFURLResponseSerialization.m in Sources */,
				165D36161B8534B500C8570A /* UIButton+AFNetworking.m in Sources */,
				165D35DF1B843B3B00C8570A /* LoginViewController.m in Sources */,
				165D36141B8534B500C8570A /* UIActivityIndicatorView+AFNetworking.m in Sources */,
				165D36101B8534B500C8570A /* AFURLRequestSerialization.m in Sources */,
				165D36131B8534B500C8570A /* AFNetworkActivityIndicatorManager.m in Sources */,
				165D360E1B8534B500C8570A /* AFSecurityPolicy.m in Sources */,
				165D360A1B8534B500C8570A /* AFHTTPRequestOperation.m in Sources */,
				165D36121B8534B500C8570A /* AFURLSessionManager.m in Sources */,
				165D35DC1B843A9500C8570A /* SellingViewController.m in Sources */,
				165D35D61B8439E100C8570A /* ShopInfoViewController.m in Sources */,
				165D360C1B8534B500C8570A /* AFHTTPSessionManager.m in Sources */,
				165D35AE1B83BD6D00C8570A /* main.m in Sources */,
				165D361A1B8534B500C8570A /* UIWebView+AFNetworking.m in Sources */,
				165D360D1B8534B500C8570A /* AFNetworkReachabilityManager.m in Sources */,
				165D36171B8534B500C8570A /* UIImageView+AFNetworking.m in Sources */,
				165D360B1B8534B500C8570A /* AFHTTPRequestOperationManager.m in Sources */,
			);
			runOnlyForDeploymentPostprocessing = 0;
		};
		165D35C01B83BD6E00C8570A /* Sources */ = {
			isa = PBXSourcesBuildPhase;
			buildActionMask = 2147483647;
			files = (
				165D35CB1B83BD6E00C8570A /* MiniShopTests.m in Sources */,
			);
			runOnlyForDeploymentPostprocessing = 0;
		};
/* End PBXSourcesBuildPhase section */

/* Begin PBXTargetDependency section */
		165D35C61B83BD6E00C8570A /* PBXTargetDependency */ = {
			isa = PBXTargetDependency;
			target = 165D35A71B83BD6D00C8570A /* MiniShop */;
			targetProxy = 165D35C51B83BD6E00C8570A /* PBXContainerItemProxy */;
		};
/* End PBXTargetDependency section */

/* Begin PBXVariantGroup section */
		165D35B81B83BD6D00C8570A /* Main.storyboard */ = {
			isa = PBXVariantGroup;
			children = (
				165D35B91B83BD6D00C8570A /* Base */,
			);
			name = Main.storyboard;
			sourceTree = "<group>";
		};
		165D35BD1B83BD6D00C8570A /* LaunchScreen.xib */ = {
			isa = PBXVariantGroup;
			children = (
				165D35BE1B83BD6D00C8570A /* Base */,
			);
			name = LaunchScreen.xib;
			sourceTree = "<group>";
		};
/* End PBXVariantGroup section */

/* Begin XCBuildConfiguration section */
		165D35CC1B83BD6E00C8570A /* Debug */ = {
			isa = XCBuildConfiguration;
			buildSettings = {
				ALWAYS_SEARCH_USER_PATHS = NO;
				CLANG_CXX_LANGUAGE_STANDARD = "gnu++0x";
				CLANG_CXX_LIBRARY = "libc++";
				CLANG_ENABLE_MODULES = YES;
				CLANG_ENABLE_OBJC_ARC = YES;
				CLANG_WARN_BOOL_CONVERSION = YES;
				CLANG_WARN_CONSTANT_CONVERSION = YES;
				CLANG_WARN_DIRECT_OBJC_ISA_USAGE = YES_ERROR;
				CLANG_WARN_EMPTY_BODY = YES;
				CLANG_WARN_ENUM_CONVERSION = YES;
				CLANG_WARN_INT_CONVERSION = YES;
				CLANG_WARN_OBJC_ROOT_CLASS = YES_ERROR;
				CLANG_WARN_UNREACHABLE_CODE = YES;
				CLANG_WARN__DUPLICATE_METHOD_MATCH = YES;
				"CODE_SIGN_IDENTITY[sdk=iphoneos*]" = "iPhone Developer";
				COPY_PHASE_STRIP = NO;
				DEBUG_INFORMATION_FORMAT = "dwarf-with-dsym";
				ENABLE_STRICT_OBJC_MSGSEND = YES;
				GCC_C_LANGUAGE_STANDARD = gnu99;
				GCC_DYNAMIC_NO_PIC = NO;
				GCC_NO_COMMON_BLOCKS = YES;
				GCC_OPTIMIZATION_LEVEL = 0;
				GCC_PREPROCESSOR_DEFINITIONS = (
					"DEBUG=1",
					"$(inherited)",
				);
				GCC_SYMBOLS_PRIVATE_EXTERN = NO;
				GCC_WARN_64_TO_32_BIT_CONVERSION = YES;
				GCC_WARN_ABOUT_RETURN_TYPE = YES_ERROR;
				GCC_WARN_UNDECLARED_SELECTOR = YES;
				GCC_WARN_UNINITIALIZED_AUTOS = YES_AGGRESSIVE;
				GCC_WARN_UNUSED_FUNCTION = YES;
				GCC_WARN_UNUSED_VARIABLE = YES;
				IPHONEOS_DEPLOYMENT_TARGET = 8.3;
				MTL_ENABLE_DEBUG_INFO = YES;
				ONLY_ACTIVE_ARCH = YES;
				SDKROOT = iphoneos;
				TARGETED_DEVICE_FAMILY = "1,2";
			};
			name = Debug;
		};
		165D35CD1B83BD6E00C8570A /* Release */ = {
			isa = XCBuildConfiguration;
			buildSettings = {
				ALWAYS_SEARCH_USER_PATHS = NO;
				CLANG_CXX_LANGUAGE_STANDARD = "gnu++0x";
				CLANG_CXX_LIBRARY = "libc++";
				CLANG_ENABLE_MODULES = YES;
				CLANG_ENABLE_OBJC_ARC = YES;
				CLANG_WARN_BOOL_CONVERSION = YES;
				CLANG_WARN_CONSTANT_CONVERSION = YES;
				CLANG_WARN_DIRECT_OBJC_ISA_USAGE = YES_ERROR;
				CLANG_WARN_EMPTY_BODY = YES;
				CLANG_WARN_ENUM_CONVERSION = YES;
				CLANG_WARN_INT_CONVERSION = YES;
				CLANG_WARN_OBJC_ROOT_CLASS = YES_ERROR;
				CLANG_WARN_UNREACHABLE_CODE = YES;
				CLANG_WARN__DUPLICATE_METHOD_MATCH = YES;
				"CODE_SIGN_IDENTITY[sdk=iphoneos*]" = "iPhone Developer";
				COPY_PHASE_STRIP = NO;
				DEBUG_INFORMATION_FORMAT = "dwarf-with-dsym";
				ENABLE_NS_ASSERTIONS = NO;
				ENABLE_STRICT_OBJC_MSGSEND = YES;
				GCC_C_LANGUAGE_STANDARD = gnu99;
				GCC_NO_COMMON_BLOCKS = YES;
				GCC_WARN_64_TO_32_BIT_CONVERSION = YES;
				GCC_WARN_ABOUT_RETURN_TYPE = YES_ERROR;
				GCC_WARN_UNDECLARED_SELECTOR = YES;
				GCC_WARN_UNINITIALIZED_AUTOS = YES_AGGRESSIVE;
				GCC_WARN_UNUSED_FUNCTION = YES;
				GCC_WARN_UNUSED_VARIABLE = YES;
				IPHONEOS_DEPLOYMENT_TARGET = 8.3;
				MTL_ENABLE_DEBUG_INFO = NO;
				SDKROOT = iphoneos;
				TARGETED_DEVICE_FAMILY = "1,2";
				VALIDATE_PRODUCT = YES;
			};
			name = Release;
		};
		165D35CF1B83BD6E00C8570A /* Debug */ = {
			isa = XCBuildConfiguration;
			buildSettings = {
				ASSETCATALOG_COMPILER_APPICON_NAME = AppIcon;
				INFOPLIST_FILE = MiniShop/Info.plist;
				LD_RUNPATH_SEARCH_PATHS = "$(inherited) @executable_path/Frameworks";
				PRODUCT_NAME = "$(TARGET_NAME)";
			};
			name = Debug;
		};
		165D35D01B83BD6E00C8570A /* Release */ = {
			isa = XCBuildConfiguration;
			buildSettings = {
				ASSETCATALOG_COMPILER_APPICON_NAME = AppIcon;
				INFOPLIST_FILE = MiniShop/Info.plist;
				LD_RUNPATH_SEARCH_PATHS = "$(inherited) @executable_path/Frameworks";
				PRODUCT_NAME = "$(TARGET_NAME)";
			};
			name = Release;
		};
		165D35D21B83BD6E00C8570A /* Debug */ = {
			isa = XCBuildConfiguration;
			buildSettings = {
				BUNDLE_LOADER = "$(TEST_HOST)";
				FRAMEWORK_SEARCH_PATHS = (
					"$(SDKROOT)/Developer/Library/Frameworks",
					"$(inherited)",
				);
				GCC_PREPROCESSOR_DEFINITIONS = (
					"DEBUG=1",
					"$(inherited)",
				);
				INFOPLIST_FILE = MiniShopTests/Info.plist;
				LD_RUNPATH_SEARCH_PATHS = "$(inherited) @executable_path/Frameworks @loader_path/Frameworks";
				PRODUCT_NAME = "$(TARGET_NAME)";
				TEST_HOST = "$(BUILT_PRODUCTS_DIR)/MiniShop.app/MiniShop";
			};
			name = Debug;
		};
		165D35D31B83BD6E00C8570A /* Release */ = {
			isa = XCBuildConfiguration;
			buildSettings = {
				BUNDLE_LOADER = "$(TEST_HOST)";
				FRAMEWORK_SEARCH_PATHS = (
					"$(SDKROOT)/Developer/Library/Frameworks",
					"$(inherited)",
				);
				INFOPLIST_FILE = MiniShopTests/Info.plist;
				LD_RUNPATH_SEARCH_PATHS = "$(inherited) @executable_path/Frameworks @loader_path/Frameworks";
				PRODUCT_NAME = "$(TARGET_NAME)";
				TEST_HOST = "$(BUILT_PRODUCTS_DIR)/MiniShop.app/MiniShop";
			};
			name = Release;
		};
/* End XCBuildConfiguration section */

/* Begin XCConfigurationList section */
		165D35A31B83BD6D00C8570A /* Build configuration list for PBXProject "MiniShop" */ = {
			isa = XCConfigurationList;
			buildConfigurations = (
				165D35CC1B83BD6E00C8570A /* Debug */,
				165D35CD1B83BD6E00C8570A /* Release */,
			);
			defaultConfigurationIsVisible = 0;
			defaultConfigurationName = Release;
		};
		165D35CE1B83BD6E00C8570A /* Build configuration list for PBXNativeTarget "MiniShop" */ = {
			isa = XCConfigurationList;
			buildConfigurations = (
				165D35CF1B83BD6E00C8570A /* Debug */,
				165D35D01B83BD6E00C8570A /* Release */,
			);
			defaultConfigurationIsVisible = 0;
		};
		165D35D11B83BD6E00C8570A /* Build configuration list for PBXNativeTarget "MiniShopTests" */ = {
			isa = XCConfigurationList;
			buildConfigurations = (
				165D35D21B83BD6E00C8570A /* Debug */,
				165D35D31B83BD6E00C8570A /* Release */,
			);
			defaultConfigurationIsVisible = 0;
		};
/* End XCConfigurationList section */
	};
	rootObject = 165D35A01B83BD6D00C8570A /* Project object */;
}
